// !$*UTF8*$!
{
	archiveVersion = 1;
	classes = {
	};
	objectVersion = 56;
	objects = {

/* Begin PBXBuildFile section */
		03533FDC2BF9850000DF924D /* AppDelegate.swift in Sources */ = {isa = PBXBuildFile; fileRef = 03533FDB2BF9850000DF924D /* AppDelegate.swift */; };
		03533FDE2BF9850000DF924D /* SceneDelegate.swift in Sources */ = {isa = PBXBuildFile; fileRef = 03533FDD2BF9850000DF924D /* SceneDelegate.swift */; };
		03533FE52BF9850100DF924D /* Assets.xcassets in Resources */ = {isa = PBXBuildFile; fileRef = 03533FE42BF9850100DF924D /* Assets.xcassets */; };
		03533FE82BF9850100DF924D /* Base in Resources */ = {isa = PBXBuildFile; fileRef = 03533FE72BF9850100DF924D /* Base */; };
		03533FF12BF9868100DF924D /* TabBarController.swift in Sources */ = {isa = PBXBuildFile; fileRef = 03533FF02BF9868100DF924D /* TabBarController.swift */; };
		03533FF92BF9871000DF924D /* CustomButton.swift in Sources */ = {isa = PBXBuildFile; fileRef = 03533FF82BF9871000DF924D /* CustomButton.swift */; };
		035340002BF9881700DF924D /* AirQualityViewController.swift in Sources */ = {isa = PBXBuildFile; fileRef = 03533FFF2BF9881700DF924D /* AirQualityViewController.swift */; };
		035340022BF9882300DF924D /* AirQualityViewModel.swift in Sources */ = {isa = PBXBuildFile; fileRef = 035340012BF9882300DF924D /* AirQualityViewModel.swift */; };
		035340052BF9885200DF924D /* PopulationModel.swift in Sources */ = {isa = PBXBuildFile; fileRef = 035340042BF9885200DF924D /* PopulationModel.swift */; };
		035340072BF9886400DF924D /* PopulationNetworkService.swift in Sources */ = {isa = PBXBuildFile; fileRef = 035340062BF9886400DF924D /* PopulationNetworkService.swift */; };
		035340092BF9886E00DF924D /* PopulationViewController.swift in Sources */ = {isa = PBXBuildFile; fileRef = 035340082BF9886E00DF924D /* PopulationViewController.swift */; };
		0353400B2BF9887600DF924D /* PopulationViewModel.swift in Sources */ = {isa = PBXBuildFile; fileRef = 0353400A2BF9887600DF924D /* PopulationViewModel.swift */; };
		0353400E2BF9889E00DF924D /* CustomCardCell.swift in Sources */ = {isa = PBXBuildFile; fileRef = 0353400D2BF9889E00DF924D /* CustomCardCell.swift */; };
		035340102BF988A700DF924D /* CustomCardModel.swift in Sources */ = {isa = PBXBuildFile; fileRef = 0353400F2BF988A700DF924D /* CustomCardModel.swift */; };
		035340122BF988B800DF924D /* IconEnums.swift in Sources */ = {isa = PBXBuildFile; fileRef = 035340112BF988B800DF924D /* IconEnums.swift */; };
		035340142BF988C800DF924D /* SolarResourceData.swift in Sources */ = {isa = PBXBuildFile; fileRef = 035340132BF988C800DF924D /* SolarResourceData.swift */; };
		035340162BF988D100DF924D /* SolarResourceModel.swift in Sources */ = {isa = PBXBuildFile; fileRef = 035340152BF988D100DF924D /* SolarResourceModel.swift */; };
		035340182BF988DC00DF924D /* SolarModelViewController.swift in Sources */ = {isa = PBXBuildFile; fileRef = 035340172BF988DC00DF924D /* SolarModelViewController.swift */; };
		0353401A2BF988E500DF924D /* SolarResourceViewModel.swift in Sources */ = {isa = PBXBuildFile; fileRef = 035340192BF988E500DF924D /* SolarResourceViewModel.swift */; };
		0353401C2BF9890200DF924D /* ExtensionOfImage.swift in Sources */ = {isa = PBXBuildFile; fileRef = 0353401B2BF9890200DF924D /* ExtensionOfImage.swift */; };
		0353401E2BF9891A00DF924D /* ExtensionOfTableView.swift in Sources */ = {isa = PBXBuildFile; fileRef = 0353401D2BF9891A00DF924D /* ExtensionOfTableView.swift */; };
		035340202BF9892B00DF924D /* SpecieViewController.swift in Sources */ = {isa = PBXBuildFile; fileRef = 0353401F2BF9892B00DF924D /* SpecieViewController.swift */; };
		035340222BF9893400DF924D /* SpecieViewModel.swift in Sources */ = {isa = PBXBuildFile; fileRef = 035340212BF9893400DF924D /* SpecieViewModel.swift */; };
		035340262BF9896800DF924D /* SpecieTableViewCell.swift in Sources */ = {isa = PBXBuildFile; fileRef = 035340252BF9896800DF924D /* SpecieTableViewCell.swift */; };
		035340282BF9897400DF924D /* Model.swift in Sources */ = {isa = PBXBuildFile; fileRef = 035340272BF9897400DF924D /* Model.swift */; };
		0353402A2BF9899200DF924D /* WeatherViewController.swift in Sources */ = {isa = PBXBuildFile; fileRef = 035340292BF9899200DF924D /* WeatherViewController.swift */; };
		0353402C2BF9899B00DF924D /* WeatherViewModel.swift in Sources */ = {isa = PBXBuildFile; fileRef = 0353402B2BF9899B00DF924D /* WeatherViewModel.swift */; };
		035340322BF989C900DF924D /* WeatherCell.swift in Sources */ = {isa = PBXBuildFile; fileRef = 035340312BF989C900DF924D /* WeatherCell.swift */; };
		035340342BF989E800DF924D /* UiImageViewExtension.swift in Sources */ = {isa = PBXBuildFile; fileRef = 035340332BF989E800DF924D /* UiImageViewExtension.swift */; };
		035340362BF989FC00DF924D /* WeatherViewController+CollectionViewExtension.swift in Sources */ = {isa = PBXBuildFile; fileRef = 035340352BF989FC00DF924D /* WeatherViewController+CollectionViewExtension.swift */; };
		035340382BF98A1400DF924D /* ArrowView.swift in Sources */ = {isa = PBXBuildFile; fileRef = 035340372BF98A1400DF924D /* ArrowView.swift */; };
		0353403A2BF98A1C00DF924D /* InfoView.swift in Sources */ = {isa = PBXBuildFile; fileRef = 035340392BF98A1C00DF924D /* InfoView.swift */; };
		0353403C2BF98A2300DF924D /* TitleView.swift in Sources */ = {isa = PBXBuildFile; fileRef = 0353403B2BF98A2300DF924D /* TitleView.swift */; };
		0353403E2BF98A3000DF924D /* WindView.swift in Sources */ = {isa = PBXBuildFile; fileRef = 0353403D2BF98A3000DF924D /* WindView.swift */; };
		035340402BF98A3E00DF924D /* CityDataModel.swift in Sources */ = {isa = PBXBuildFile; fileRef = 0353403F2BF98A3E00DF924D /* CityDataModel.swift */; };
		035340422BF98A4900DF924D /* LocationWeatherModel.swift in Sources */ = {isa = PBXBuildFile; fileRef = 035340412BF98A4900DF924D /* LocationWeatherModel.swift */; };
		035340452BF98AB400DF924D /* BarbareDoesNetworking in Frameworks */ = {isa = PBXBuildFile; productRef = 035340442BF98AB400DF924D /* BarbareDoesNetworking */; };
		035340482BF98FA800DF924D /* SolarDataCell.swift in Sources */ = {isa = PBXBuildFile; fileRef = 035340472BF98FA800DF924D /* SolarDataCell.swift */; };
/* End PBXBuildFile section */

/* Begin PBXFileReference section */
		03533FD82BF9850000DF924D /* First-Collaboration-Refactoring.app */ = {isa = PBXFileReference; explicitFileType = wrapper.application; includeInIndex = 0; path = "First-Collaboration-Refactoring.app"; sourceTree = BUILT_PRODUCTS_DIR; };
		03533FDB2BF9850000DF924D /* AppDelegate.swift */ = {isa = PBXFileReference; lastKnownFileType = sourcecode.swift; path = AppDelegate.swift; sourceTree = "<group>"; };
		03533FDD2BF9850000DF924D /* SceneDelegate.swift */ = {isa = PBXFileReference; lastKnownFileType = sourcecode.swift; path = SceneDelegate.swift; sourceTree = "<group>"; };
		03533FE42BF9850100DF924D /* Assets.xcassets */ = {isa = PBXFileReference; lastKnownFileType = folder.assetcatalog; path = Assets.xcassets; sourceTree = "<group>"; };
		03533FE72BF9850100DF924D /* Base */ = {isa = PBXFileReference; lastKnownFileType = file.storyboard; name = Base; path = Base.lproj/LaunchScreen.storyboard; sourceTree = "<group>"; };
		03533FE92BF9850100DF924D /* Info.plist */ = {isa = PBXFileReference; lastKnownFileType = text.plist.xml; path = Info.plist; sourceTree = "<group>"; };
		03533FF02BF9868100DF924D /* TabBarController.swift */ = {isa = PBXFileReference; lastKnownFileType = sourcecode.swift; path = TabBarController.swift; sourceTree = "<group>"; };
		03533FF82BF9871000DF924D /* CustomButton.swift */ = {isa = PBXFileReference; lastKnownFileType = sourcecode.swift; path = CustomButton.swift; sourceTree = "<group>"; };
		03533FFF2BF9881700DF924D /* AirQualityViewController.swift */ = {isa = PBXFileReference; lastKnownFileType = sourcecode.swift; path = AirQualityViewController.swift; sourceTree = "<group>"; };
		035340012BF9882300DF924D /* AirQualityViewModel.swift */ = {isa = PBXFileReference; lastKnownFileType = sourcecode.swift; path = AirQualityViewModel.swift; sourceTree = "<group>"; };
		035340042BF9885200DF924D /* PopulationModel.swift */ = {isa = PBXFileReference; lastKnownFileType = sourcecode.swift; path = PopulationModel.swift; sourceTree = "<group>"; };
		035340062BF9886400DF924D /* PopulationNetworkService.swift */ = {isa = PBXFileReference; lastKnownFileType = sourcecode.swift; path = PopulationNetworkService.swift; sourceTree = "<group>"; };
		035340082BF9886E00DF924D /* PopulationViewController.swift */ = {isa = PBXFileReference; lastKnownFileType = sourcecode.swift; path = PopulationViewController.swift; sourceTree = "<group>"; };
		0353400A2BF9887600DF924D /* PopulationViewModel.swift */ = {isa = PBXFileReference; lastKnownFileType = sourcecode.swift; path = PopulationViewModel.swift; sourceTree = "<group>"; };
		0353400D2BF9889E00DF924D /* CustomCardCell.swift */ = {isa = PBXFileReference; lastKnownFileType = sourcecode.swift; path = CustomCardCell.swift; sourceTree = "<group>"; };
		0353400F2BF988A700DF924D /* CustomCardModel.swift */ = {isa = PBXFileReference; lastKnownFileType = sourcecode.swift; path = CustomCardModel.swift; sourceTree = "<group>"; };
		035340112BF988B800DF924D /* IconEnums.swift */ = {isa = PBXFileReference; lastKnownFileType = sourcecode.swift; path = IconEnums.swift; sourceTree = "<group>"; };
		035340132BF988C800DF924D /* SolarResourceData.swift */ = {isa = PBXFileReference; lastKnownFileType = sourcecode.swift; path = SolarResourceData.swift; sourceTree = "<group>"; };
		035340152BF988D100DF924D /* SolarResourceModel.swift */ = {isa = PBXFileReference; lastKnownFileType = sourcecode.swift; path = SolarResourceModel.swift; sourceTree = "<group>"; };
		035340172BF988DC00DF924D /* SolarModelViewController.swift */ = {isa = PBXFileReference; lastKnownFileType = sourcecode.swift; path = SolarModelViewController.swift; sourceTree = "<group>"; };
		035340192BF988E500DF924D /* SolarResourceViewModel.swift */ = {isa = PBXFileReference; lastKnownFileType = sourcecode.swift; path = SolarResourceViewModel.swift; sourceTree = "<group>"; };
		0353401B2BF9890200DF924D /* ExtensionOfImage.swift */ = {isa = PBXFileReference; lastKnownFileType = sourcecode.swift; path = ExtensionOfImage.swift; sourceTree = "<group>"; };
		0353401D2BF9891A00DF924D /* ExtensionOfTableView.swift */ = {isa = PBXFileReference; lastKnownFileType = sourcecode.swift; path = ExtensionOfTableView.swift; sourceTree = "<group>"; };
		0353401F2BF9892B00DF924D /* SpecieViewController.swift */ = {isa = PBXFileReference; lastKnownFileType = sourcecode.swift; path = SpecieViewController.swift; sourceTree = "<group>"; };
		035340212BF9893400DF924D /* SpecieViewModel.swift */ = {isa = PBXFileReference; lastKnownFileType = sourcecode.swift; path = SpecieViewModel.swift; sourceTree = "<group>"; };
		035340252BF9896800DF924D /* SpecieTableViewCell.swift */ = {isa = PBXFileReference; lastKnownFileType = sourcecode.swift; path = SpecieTableViewCell.swift; sourceTree = "<group>"; };
		035340272BF9897400DF924D /* Model.swift */ = {isa = PBXFileReference; lastKnownFileType = sourcecode.swift; path = Model.swift; sourceTree = "<group>"; };
		035340292BF9899200DF924D /* WeatherViewController.swift */ = {isa = PBXFileReference; lastKnownFileType = sourcecode.swift; path = WeatherViewController.swift; sourceTree = "<group>"; };
		0353402B2BF9899B00DF924D /* WeatherViewModel.swift */ = {isa = PBXFileReference; lastKnownFileType = sourcecode.swift; path = WeatherViewModel.swift; sourceTree = "<group>"; };
		035340312BF989C900DF924D /* WeatherCell.swift */ = {isa = PBXFileReference; lastKnownFileType = sourcecode.swift; path = WeatherCell.swift; sourceTree = "<group>"; };
		035340332BF989E800DF924D /* UiImageViewExtension.swift */ = {isa = PBXFileReference; lastKnownFileType = sourcecode.swift; path = UiImageViewExtension.swift; sourceTree = "<group>"; };
		035340352BF989FC00DF924D /* WeatherViewController+CollectionViewExtension.swift */ = {isa = PBXFileReference; lastKnownFileType = sourcecode.swift; path = "WeatherViewController+CollectionViewExtension.swift"; sourceTree = "<group>"; };
		035340372BF98A1400DF924D /* ArrowView.swift */ = {isa = PBXFileReference; lastKnownFileType = sourcecode.swift; path = ArrowView.swift; sourceTree = "<group>"; };
		035340392BF98A1C00DF924D /* InfoView.swift */ = {isa = PBXFileReference; lastKnownFileType = sourcecode.swift; path = InfoView.swift; sourceTree = "<group>"; };
		0353403B2BF98A2300DF924D /* TitleView.swift */ = {isa = PBXFileReference; lastKnownFileType = sourcecode.swift; path = TitleView.swift; sourceTree = "<group>"; };
		0353403D2BF98A3000DF924D /* WindView.swift */ = {isa = PBXFileReference; lastKnownFileType = sourcecode.swift; path = WindView.swift; sourceTree = "<group>"; };
		0353403F2BF98A3E00DF924D /* CityDataModel.swift */ = {isa = PBXFileReference; lastKnownFileType = sourcecode.swift; path = CityDataModel.swift; sourceTree = "<group>"; };
		035340412BF98A4900DF924D /* LocationWeatherModel.swift */ = {isa = PBXFileReference; lastKnownFileType = sourcecode.swift; path = LocationWeatherModel.swift; sourceTree = "<group>"; };
		035340472BF98FA800DF924D /* SolarDataCell.swift */ = {isa = PBXFileReference; lastKnownFileType = sourcecode.swift; path = SolarDataCell.swift; sourceTree = "<group>"; };
/* End PBXFileReference section */

/* Begin PBXFrameworksBuildPhase section */
		03533FD52BF9850000DF924D /* Frameworks */ = {
			isa = PBXFrameworksBuildPhase;
			buildActionMask = 2147483647;
			files = (
				035340452BF98AB400DF924D /* BarbareDoesNetworking in Frameworks */,
			);
			runOnlyForDeploymentPostprocessing = 0;
		};
/* End PBXFrameworksBuildPhase section */

/* Begin PBXGroup section */
		03533FCF2BF9850000DF924D = {
			isa = PBXGroup;
			children = (
				03533FDA2BF9850000DF924D /* First-Collaboration-Refactoring */,
				03533FD92BF9850000DF924D /* Products */,
			);
			sourceTree = "<group>";
		};
		03533FD92BF9850000DF924D /* Products */ = {
			isa = PBXGroup;
			children = (
				03533FD82BF9850000DF924D /* First-Collaboration-Refactoring.app */,
			);
			name = Products;
			sourceTree = "<group>";
		};
		03533FDA2BF9850000DF924D /* First-Collaboration-Refactoring */ = {
			isa = PBXGroup;
			children = (
				03533FEF2BF9866900DF924D /* App */,
				03533FF22BF9869E00DF924D /* Assets */,
				03533FF42BF986B300DF924D /* Scenes */,
				03533FF72BF986F800DF924D /* Shared */,
				03533FF62BF986BE00DF924D /* Resources */,
			);
			path = "First-Collaboration-Refactoring";
			sourceTree = "<group>";
		};
		03533FEF2BF9866900DF924D /* App */ = {
			isa = PBXGroup;
			children = (
				03533FDB2BF9850000DF924D /* AppDelegate.swift */,
				03533FDD2BF9850000DF924D /* SceneDelegate.swift */,
				03533FF02BF9868100DF924D /* TabBarController.swift */,
			);
			path = App;
			sourceTree = "<group>";
		};
		03533FF22BF9869E00DF924D /* Assets */ = {
			isa = PBXGroup;
			children = (
				03533FE42BF9850100DF924D /* Assets.xcassets */,
			);
			path = Assets;
			sourceTree = "<group>";
		};
		03533FF32BF986AC00DF924D /* Launch */ = {
			isa = PBXGroup;
			children = (
				03533FE62BF9850100DF924D /* LaunchScreen.storyboard */,
			);
			path = Launch;
			sourceTree = "<group>";
		};
		03533FF42BF986B300DF924D /* Scenes */ = {
			isa = PBXGroup;
			children = (
				03533FF32BF986AC00DF924D /* Launch */,
				03533FF52BF986BA00DF924D /* Main */,
			);
			path = Scenes;
			sourceTree = "<group>";
		};
		03533FF52BF986BA00DF924D /* Main */ = {
			isa = PBXGroup;
			children = (
				03533FFA2BF9873300DF924D /* AirQuality */,
				03533FFE2BF9876100DF924D /* Weather */,
				03533FFD2BF9875B00DF924D /* Specie */,
				03533FFC2BF9875400DF924D /* SolarResource */,
				03533FFB2BF9874700DF924D /* Population */,
			);
			path = Main;
			sourceTree = "<group>";
		};
		03533FF62BF986BE00DF924D /* Resources */ = {
			isa = PBXGroup;
			children = (
				03533FE92BF9850100DF924D /* Info.plist */,
			);
			path = Resources;
			sourceTree = "<group>";
		};
		03533FF72BF986F800DF924D /* Shared */ = {
			isa = PBXGroup;
			children = (
				03533FF82BF9871000DF924D /* CustomButton.swift */,
			);
			path = Shared;
			sourceTree = "<group>";
		};
		03533FFA2BF9873300DF924D /* AirQuality */ = {
			isa = PBXGroup;
			children = (
				035340032BF9882C00DF924D /* Models */,
				03533FFF2BF9881700DF924D /* AirQualityViewController.swift */,
				035340012BF9882300DF924D /* AirQualityViewModel.swift */,
			);
			path = AirQuality;
			sourceTree = "<group>";
		};
		03533FFB2BF9874700DF924D /* Population */ = {
			isa = PBXGroup;
			children = (
				0353400C2BF9887A00DF924D /* Views */,
				035340042BF9885200DF924D /* PopulationModel.swift */,
				035340062BF9886400DF924D /* PopulationNetworkService.swift */,
				035340082BF9886E00DF924D /* PopulationViewController.swift */,
				0353400A2BF9887600DF924D /* PopulationViewModel.swift */,
			);
			path = Population;
			sourceTree = "<group>";
		};
		03533FFC2BF9875400DF924D /* SolarResource */ = {
			isa = PBXGroup;
			children = (
				035340462BF98F8F00DF924D /* ExpandableTable */,
				0353400D2BF9889E00DF924D /* CustomCardCell.swift */,
				0353400F2BF988A700DF924D /* CustomCardModel.swift */,
				035340112BF988B800DF924D /* IconEnums.swift */,
				035340132BF988C800DF924D /* SolarResourceData.swift */,
				035340152BF988D100DF924D /* SolarResourceModel.swift */,
				035340172BF988DC00DF924D /* SolarModelViewController.swift */,
				035340192BF988E500DF924D /* SolarResourceViewModel.swift */,
			);
			path = SolarResource;
			sourceTree = "<group>";
		};
		03533FFD2BF9875B00DF924D /* Specie */ = {
			isa = PBXGroup;
			children = (
				035340242BF9893E00DF924D /* SpecieCell */,
				035340232BF9893800DF924D /* Model */,
				0353401F2BF9892B00DF924D /* SpecieViewController.swift */,
				0353401B2BF9890200DF924D /* ExtensionOfImage.swift */,
				035340212BF9893400DF924D /* SpecieViewModel.swift */,
				0353401D2BF9891A00DF924D /* ExtensionOfTableView.swift */,
			);
			path = Specie;
			sourceTree = "<group>";
		};
		03533FFE2BF9876100DF924D /* Weather */ = {
			isa = PBXGroup;
			children = (
				035340302BF989B800DF924D /* Views */,
				0353402F2BF989AD00DF924D /* Models */,
				0353402E2BF989A500DF924D /* Extensions */,
				0353402D2BF9899F00DF924D /* Cells */,
				035340292BF9899200DF924D /* WeatherViewController.swift */,
				0353402B2BF9899B00DF924D /* WeatherViewModel.swift */,
			);
			path = Weather;
			sourceTree = "<group>";
		};
		035340032BF9882C00DF924D /* Models */ = {
			isa = PBXGroup;
			children = (
			);
			path = Models;
			sourceTree = "<group>";
		};
		0353400C2BF9887A00DF924D /* Views */ = {
			isa = PBXGroup;
			children = (
			);
			path = Views;
			sourceTree = "<group>";
		};
		035340232BF9893800DF924D /* Model */ = {
			isa = PBXGroup;
			children = (
				035340272BF9897400DF924D /* Model.swift */,
			);
			path = Model;
			sourceTree = "<group>";
		};
		035340242BF9893E00DF924D /* SpecieCell */ = {
			isa = PBXGroup;
			children = (
				035340252BF9896800DF924D /* SpecieTableViewCell.swift */,
			);
			path = SpecieCell;
			sourceTree = "<group>";
		};
		0353402D2BF9899F00DF924D /* Cells */ = {
			isa = PBXGroup;
			children = (
				035340312BF989C900DF924D /* WeatherCell.swift */,
			);
			path = Cells;
			sourceTree = "<group>";
		};
		0353402E2BF989A500DF924D /* Extensions */ = {
			isa = PBXGroup;
			children = (
				035340332BF989E800DF924D /* UiImageViewExtension.swift */,
				035340352BF989FC00DF924D /* WeatherViewController+CollectionViewExtension.swift */,
			);
			path = Extensions;
			sourceTree = "<group>";
		};
		0353402F2BF989AD00DF924D /* Models */ = {
			isa = PBXGroup;
			children = (
				0353403F2BF98A3E00DF924D /* CityDataModel.swift */,
				035340412BF98A4900DF924D /* LocationWeatherModel.swift */,
			);
			path = Models;
			sourceTree = "<group>";
		};
		035340302BF989B800DF924D /* Views */ = {
			isa = PBXGroup;
			children = (
				035340372BF98A1400DF924D /* ArrowView.swift */,
				035340392BF98A1C00DF924D /* InfoView.swift */,
				0353403B2BF98A2300DF924D /* TitleView.swift */,
				0353403D2BF98A3000DF924D /* WindView.swift */,
			);
			path = Views;
			sourceTree = "<group>";
		};
		035340462BF98F8F00DF924D /* ExpandableTable */ = {
			isa = PBXGroup;
			children = (
				035340472BF98FA800DF924D /* SolarDataCell.swift */,
			);
			path = ExpandableTable;
			sourceTree = "<group>";
		};
/* End PBXGroup section */

/* Begin PBXNativeTarget section */
		03533FD72BF9850000DF924D /* First-Collaboration-Refactoring */ = {
			isa = PBXNativeTarget;
			buildConfigurationList = 03533FEC2BF9850100DF924D /* Build configuration list for PBXNativeTarget "First-Collaboration-Refactoring" */;
			buildPhases = (
				03533FD42BF9850000DF924D /* Sources */,
				03533FD52BF9850000DF924D /* Frameworks */,
				03533FD62BF9850000DF924D /* Resources */,
			);
			buildRules = (
			);
			dependencies = (
			);
			name = "First-Collaboration-Refactoring";
			packageProductDependencies = (
				035340442BF98AB400DF924D /* BarbareDoesNetworking */,
			);
			productName = "First-Collaboration-Refactoring";
			productReference = 03533FD82BF9850000DF924D /* First-Collaboration-Refactoring.app */;
			productType = "com.apple.product-type.application";
		};
/* End PBXNativeTarget section */

/* Begin PBXProject section */
		03533FD02BF9850000DF924D /* Project object */ = {
			isa = PBXProject;
			attributes = {
				BuildIndependentTargetsInParallel = 1;
				LastSwiftUpdateCheck = 1530;
				LastUpgradeCheck = 1530;
				TargetAttributes = {
					03533FD72BF9850000DF924D = {
						CreatedOnToolsVersion = 15.3;
					};
				};
			};
			buildConfigurationList = 03533FD32BF9850000DF924D /* Build configuration list for PBXProject "First-Collaboration-Refactoring" */;
			compatibilityVersion = "Xcode 14.0";
			developmentRegion = en;
			hasScannedForEncodings = 0;
			knownRegions = (
				en,
				Base,
			);
			mainGroup = 03533FCF2BF9850000DF924D;
			packageReferences = (
				035340432BF98AB400DF924D /* XCRemoteSwiftPackageReference "BarbareDoesNetworking" */,
			);
			productRefGroup = 03533FD92BF9850000DF924D /* Products */;
			projectDirPath = "";
			projectRoot = "";
			targets = (
				03533FD72BF9850000DF924D /* First-Collaboration-Refactoring */,
			);
		};
/* End PBXProject section */

/* Begin PBXResourcesBuildPhase section */
		03533FD62BF9850000DF924D /* Resources */ = {
			isa = PBXResourcesBuildPhase;
			buildActionMask = 2147483647;
			files = (
				03533FE52BF9850100DF924D /* Assets.xcassets in Resources */,
				03533FE82BF9850100DF924D /* Base in Resources */,
			);
			runOnlyForDeploymentPostprocessing = 0;
		};
/* End PBXResourcesBuildPhase section */

/* Begin PBXSourcesBuildPhase section */
		03533FD42BF9850000DF924D /* Sources */ = {
			isa = PBXSourcesBuildPhase;
			buildActionMask = 2147483647;
			files = (
				035340052BF9885200DF924D /* PopulationModel.swift in Sources */,
				03533FF12BF9868100DF924D /* TabBarController.swift in Sources */,
				03533FDC2BF9850000DF924D /* AppDelegate.swift in Sources */,
				035340162BF988D100DF924D /* SolarResourceModel.swift in Sources */,
				035340322BF989C900DF924D /* WeatherCell.swift in Sources */,
				0353403C2BF98A2300DF924D /* TitleView.swift in Sources */,
				0353401E2BF9891A00DF924D /* ExtensionOfTableView.swift in Sources */,
				035340202BF9892B00DF924D /* SpecieViewController.swift in Sources */,
				035340382BF98A1400DF924D /* ArrowView.swift in Sources */,
				035340222BF9893400DF924D /* SpecieViewModel.swift in Sources */,
				035340482BF98FA800DF924D /* SolarDataCell.swift in Sources */,
				03533FF92BF9871000DF924D /* CustomButton.swift in Sources */,
				035340022BF9882300DF924D /* AirQualityViewModel.swift in Sources */,
				0353401A2BF988E500DF924D /* SolarResourceViewModel.swift in Sources */,
				035340122BF988B800DF924D /* IconEnums.swift in Sources */,
				035340362BF989FC00DF924D /* WeatherViewController+CollectionViewExtension.swift in Sources */,
				035340002BF9881700DF924D /* AirQualityViewController.swift in Sources */,
				0353400E2BF9889E00DF924D /* CustomCardCell.swift in Sources */,
				0353402A2BF9899200DF924D /* WeatherViewController.swift in Sources */,
				03533FDE2BF9850000DF924D /* SceneDelegate.swift in Sources */,
				035340422BF98A4900DF924D /* LocationWeatherModel.swift in Sources */,
				035340282BF9897400DF924D /* Model.swift in Sources */,
				035340182BF988DC00DF924D /* SolarModelViewController.swift in Sources */,
				0353401C2BF9890200DF924D /* ExtensionOfImage.swift in Sources */,
				0353403E2BF98A3000DF924D /* WindView.swift in Sources */,
				0353400B2BF9887600DF924D /* PopulationViewModel.swift in Sources */,
				035340092BF9886E00DF924D /* PopulationViewController.swift in Sources */,
				0353402C2BF9899B00DF924D /* WeatherViewModel.swift in Sources */,
				035340402BF98A3E00DF924D /* CityDataModel.swift in Sources */,
				035340262BF9896800DF924D /* SpecieTableViewCell.swift in Sources */,
				035340102BF988A700DF924D /* CustomCardModel.swift in Sources */,
				035340342BF989E800DF924D /* UiImageViewExtension.swift in Sources */,
				035340072BF9886400DF924D /* PopulationNetworkService.swift in Sources */,
				0353403A2BF98A1C00DF924D /* InfoView.swift in Sources */,
				035340142BF988C800DF924D /* SolarResourceData.swift in Sources */,
			);
			runOnlyForDeploymentPostprocessing = 0;
		};
/* End PBXSourcesBuildPhase section */

/* Begin PBXVariantGroup section */
		03533FE62BF9850100DF924D /* LaunchScreen.storyboard */ = {
			isa = PBXVariantGroup;
			children = (
				03533FE72BF9850100DF924D /* Base */,
			);
			name = LaunchScreen.storyboard;
			sourceTree = "<group>";
		};
/* End PBXVariantGroup section */

/* Begin XCBuildConfiguration section */
		03533FEA2BF9850100DF924D /* Debug */ = {
			isa = XCBuildConfiguration;
			buildSettings = {
				ALWAYS_SEARCH_USER_PATHS = NO;
				ASSETCATALOG_COMPILER_GENERATE_SWIFT_ASSET_SYMBOL_EXTENSIONS = YES;
				CLANG_ANALYZER_NONNULL = YES;
				CLANG_ANALYZER_NUMBER_OBJECT_CONVERSION = YES_AGGRESSIVE;
				CLANG_CXX_LANGUAGE_STANDARD = "gnu++20";
				CLANG_ENABLE_MODULES = YES;
				CLANG_ENABLE_OBJC_ARC = YES;
				CLANG_ENABLE_OBJC_WEAK = YES;
				CLANG_WARN_BLOCK_CAPTURE_AUTORELEASING = YES;
				CLANG_WARN_BOOL_CONVERSION = YES;
				CLANG_WARN_COMMA = YES;
				CLANG_WARN_CONSTANT_CONVERSION = YES;
				CLANG_WARN_DEPRECATED_OBJC_IMPLEMENTATIONS = YES;
				CLANG_WARN_DIRECT_OBJC_ISA_USAGE = YES_ERROR;
				CLANG_WARN_DOCUMENTATION_COMMENTS = YES;
				CLANG_WARN_EMPTY_BODY = YES;
				CLANG_WARN_ENUM_CONVERSION = YES;
				CLANG_WARN_INFINITE_RECURSION = YES;
				CLANG_WARN_INT_CONVERSION = YES;
				CLANG_WARN_NON_LITERAL_NULL_CONVERSION = YES;
				CLANG_WARN_OBJC_IMPLICIT_RETAIN_SELF = YES;
				CLANG_WARN_OBJC_LITERAL_CONVERSION = YES;
				CLANG_WARN_OBJC_ROOT_CLASS = YES_ERROR;
				CLANG_WARN_QUOTED_INCLUDE_IN_FRAMEWORK_HEADER = YES;
				CLANG_WARN_RANGE_LOOP_ANALYSIS = YES;
				CLANG_WARN_STRICT_PROTOTYPES = YES;
				CLANG_WARN_SUSPICIOUS_MOVE = YES;
				CLANG_WARN_UNGUARDED_AVAILABILITY = YES_AGGRESSIVE;
				CLANG_WARN_UNREACHABLE_CODE = YES;
				CLANG_WARN__DUPLICATE_METHOD_MATCH = YES;
				COPY_PHASE_STRIP = NO;
				DEBUG_INFORMATION_FORMAT = dwarf;
				ENABLE_STRICT_OBJC_MSGSEND = YES;
				ENABLE_TESTABILITY = YES;
				ENABLE_USER_SCRIPT_SANDBOXING = YES;
				GCC_C_LANGUAGE_STANDARD = gnu17;
				GCC_DYNAMIC_NO_PIC = NO;
				GCC_NO_COMMON_BLOCKS = YES;
				GCC_OPTIMIZATION_LEVEL = 0;
				GCC_PREPROCESSOR_DEFINITIONS = (
					"DEBUG=1",
					"$(inherited)",
				);
				GCC_WARN_64_TO_32_BIT_CONVERSION = YES;
				GCC_WARN_ABOUT_RETURN_TYPE = YES_ERROR;
				GCC_WARN_UNDECLARED_SELECTOR = YES;
				GCC_WARN_UNINITIALIZED_AUTOS = YES_AGGRESSIVE;
				GCC_WARN_UNUSED_FUNCTION = YES;
				GCC_WARN_UNUSED_VARIABLE = YES;
				IPHONEOS_DEPLOYMENT_TARGET = 17.4;
				LOCALIZATION_PREFERS_STRING_CATALOGS = YES;
				MTL_ENABLE_DEBUG_INFO = INCLUDE_SOURCE;
				MTL_FAST_MATH = YES;
				ONLY_ACTIVE_ARCH = YES;
				SDKROOT = iphoneos;
				SWIFT_ACTIVE_COMPILATION_CONDITIONS = "DEBUG $(inherited)";
				SWIFT_OPTIMIZATION_LEVEL = "-Onone";
			};
			name = Debug;
		};
		03533FEB2BF9850100DF924D /* Release */ = {
			isa = XCBuildConfiguration;
			buildSettings = {
				ALWAYS_SEARCH_USER_PATHS = NO;
				ASSETCATALOG_COMPILER_GENERATE_SWIFT_ASSET_SYMBOL_EXTENSIONS = YES;
				CLANG_ANALYZER_NONNULL = YES;
				CLANG_ANALYZER_NUMBER_OBJECT_CONVERSION = YES_AGGRESSIVE;
				CLANG_CXX_LANGUAGE_STANDARD = "gnu++20";
				CLANG_ENABLE_MODULES = YES;
				CLANG_ENABLE_OBJC_ARC = YES;
				CLANG_ENABLE_OBJC_WEAK = YES;
				CLANG_WARN_BLOCK_CAPTURE_AUTORELEASING = YES;
				CLANG_WARN_BOOL_CONVERSION = YES;
				CLANG_WARN_COMMA = YES;
				CLANG_WARN_CONSTANT_CONVERSION = YES;
				CLANG_WARN_DEPRECATED_OBJC_IMPLEMENTATIONS = YES;
				CLANG_WARN_DIRECT_OBJC_ISA_USAGE = YES_ERROR;
				CLANG_WARN_DOCUMENTATION_COMMENTS = YES;
				CLANG_WARN_EMPTY_BODY = YES;
				CLANG_WARN_ENUM_CONVERSION = YES;
				CLANG_WARN_INFINITE_RECURSION = YES;
				CLANG_WARN_INT_CONVERSION = YES;
				CLANG_WARN_NON_LITERAL_NULL_CONVERSION = YES;
				CLANG_WARN_OBJC_IMPLICIT_RETAIN_SELF = YES;
				CLANG_WARN_OBJC_LITERAL_CONVERSION = YES;
				CLANG_WARN_OBJC_ROOT_CLASS = YES_ERROR;
				CLANG_WARN_QUOTED_INCLUDE_IN_FRAMEWORK_HEADER = YES;
				CLANG_WARN_RANGE_LOOP_ANALYSIS = YES;
				CLANG_WARN_STRICT_PROTOTYPES = YES;
				CLANG_WARN_SUSPICIOUS_MOVE = YES;
				CLANG_WARN_UNGUARDED_AVAILABILITY = YES_AGGRESSIVE;
				CLANG_WARN_UNREACHABLE_CODE = YES;
				CLANG_WARN__DUPLICATE_METHOD_MATCH = YES;
				COPY_PHASE_STRIP = NO;
				DEBUG_INFORMATION_FORMAT = "dwarf-with-dsym";
				ENABLE_NS_ASSERTIONS = NO;
				ENABLE_STRICT_OBJC_MSGSEND = YES;
				ENABLE_USER_SCRIPT_SANDBOXING = YES;
				GCC_C_LANGUAGE_STANDARD = gnu17;
				GCC_NO_COMMON_BLOCKS = YES;
				GCC_WARN_64_TO_32_BIT_CONVERSION = YES;
				GCC_WARN_ABOUT_RETURN_TYPE = YES_ERROR;
				GCC_WARN_UNDECLARED_SELECTOR = YES;
				GCC_WARN_UNINITIALIZED_AUTOS = YES_AGGRESSIVE;
				GCC_WARN_UNUSED_FUNCTION = YES;
				GCC_WARN_UNUSED_VARIABLE = YES;
				IPHONEOS_DEPLOYMENT_TARGET = 17.4;
				LOCALIZATION_PREFERS_STRING_CATALOGS = YES;
				MTL_ENABLE_DEBUG_INFO = NO;
				MTL_FAST_MATH = YES;
				SDKROOT = iphoneos;
				SWIFT_COMPILATION_MODE = wholemodule;
				VALIDATE_PRODUCT = YES;
			};
			name = Release;
		};
		03533FED2BF9850100DF924D /* Debug */ = {
			isa = XCBuildConfiguration;
			buildSettings = {
				ASSETCATALOG_COMPILER_APPICON_NAME = AppIcon;
				ASSETCATALOG_COMPILER_GLOBAL_ACCENT_COLOR_NAME = AccentColor;
				CODE_SIGN_STYLE = Automatic;
				CURRENT_PROJECT_VERSION = 1;
				DEVELOPMENT_TEAM = KAF94HHT28;
				GENERATE_INFOPLIST_FILE = YES;
				INFOPLIST_FILE = "First-Collaboration-Refactoring/Resources/Info.plist";
				INFOPLIST_KEY_UIApplicationSupportsIndirectInputEvents = YES;
				INFOPLIST_KEY_UILaunchStoryboardName = LaunchScreen;
				INFOPLIST_KEY_UISupportedInterfaceOrientations_iPad = "UIInterfaceOrientationPortrait UIInterfaceOrientationPortraitUpsideDown UIInterfaceOrientationLandscapeLeft UIInterfaceOrientationLandscapeRight";
				INFOPLIST_KEY_UISupportedInterfaceOrientations_iPhone = "UIInterfaceOrientationPortrait UIInterfaceOrientationLandscapeLeft UIInterfaceOrientationLandscapeRight";
				LD_RUNPATH_SEARCH_PATHS = (
					"$(inherited)",
					"@executable_path/Frameworks",
				);
				MARKETING_VERSION = 1.0;
				PRODUCT_BUNDLE_IDENTIFIER = "com.example.barbare.First-Collaboration-Refactoring";
				PRODUCT_NAME = "$(TARGET_NAME)";
				SWIFT_EMIT_LOC_STRINGS = YES;
				SWIFT_VERSION = 5.0;
				TARGETED_DEVICE_FAMILY = "1,2";
			};
			name = Debug;
		};
		03533FEE2BF9850100DF924D /* Release */ = {
			isa = XCBuildConfiguration;
			buildSettings = {
				ASSETCATALOG_COMPILER_APPICON_NAME = AppIcon;
				ASSETCATALOG_COMPILER_GLOBAL_ACCENT_COLOR_NAME = AccentColor;
				CODE_SIGN_STYLE = Automatic;
				CURRENT_PROJECT_VERSION = 1;
				DEVELOPMENT_TEAM = KAF94HHT28;
				GENERATE_INFOPLIST_FILE = YES;
				INFOPLIST_FILE = "First-Collaboration-Refactoring/Resources/Info.plist";
				INFOPLIST_KEY_UIApplicationSupportsIndirectInputEvents = YES;
				INFOPLIST_KEY_UILaunchStoryboardName = LaunchScreen;
				INFOPLIST_KEY_UISupportedInterfaceOrientations_iPad = "UIInterfaceOrientationPortrait UIInterfaceOrientationPortraitUpsideDown UIInterfaceOrientationLandscapeLeft UIInterfaceOrientationLandscapeRight";
				INFOPLIST_KEY_UISupportedInterfaceOrientations_iPhone = "UIInterfaceOrientationPortrait UIInterfaceOrientationLandscapeLeft UIInterfaceOrientationLandscapeRight";
				LD_RUNPATH_SEARCH_PATHS = (
					"$(inherited)",
					"@executable_path/Frameworks",
				);
				MARKETING_VERSION = 1.0;
				PRODUCT_BUNDLE_IDENTIFIER = "com.example.barbare.First-Collaboration-Refactoring";
				PRODUCT_NAME = "$(TARGET_NAME)";
				SWIFT_EMIT_LOC_STRINGS = YES;
				SWIFT_VERSION = 5.0;
				TARGETED_DEVICE_FAMILY = "1,2";
			};
			name = Release;
		};
/* End XCBuildConfiguration section */

/* Begin XCConfigurationList section */
		03533FD32BF9850000DF924D /* Build configuration list for PBXProject "First-Collaboration-Refactoring" */ = {
			isa = XCConfigurationList;
			buildConfigurations = (
				03533FEA2BF9850100DF924D /* Debug */,
				03533FEB2BF9850100DF924D /* Release */,
			);
			defaultConfigurationIsVisible = 0;
			defaultConfigurationName = Release;
		};
		03533FEC2BF9850100DF924D /* Build configuration list for PBXNativeTarget "First-Collaboration-Refactoring" */ = {
			isa = XCConfigurationList;
			buildConfigurations = (
				03533FED2BF9850100DF924D /* Debug */,
				03533FEE2BF9850100DF924D /* Release */,
			);
			defaultConfigurationIsVisible = 0;
			defaultConfigurationName = Release;
		};
/* End XCConfigurationList section */

/* Begin XCRemoteSwiftPackageReference section */
		035340432BF98AB400DF924D /* XCRemoteSwiftPackageReference "BarbareDoesNetworking" */ = {
			isa = XCRemoteSwiftPackageReference;
			repositoryURL = "https://github.com/solneolune/BarbareDoesNetworking.git";
			requirement = {
				branch = main;
				kind = branch;
			};
		};
/* End XCRemoteSwiftPackageReference section */

/* Begin XCSwiftPackageProductDependency section */
		035340442BF98AB400DF924D /* BarbareDoesNetworking */ = {
			isa = XCSwiftPackageProductDependency;
			package = 035340432BF98AB400DF924D /* XCRemoteSwiftPackageReference "BarbareDoesNetworking" */;
			productName = BarbareDoesNetworking;
		};
/* End XCSwiftPackageProductDependency section */
	};
	rootObject = 03533FD02BF9850000DF924D /* Project object */;
}
